// !$*UTF8*$!
{
	archiveVersion = 1;
	classes = {
	};
	objectVersion = 46;
	objects = {

/* Begin PBXBuildFile section */
		B6B54DD71B4E09FF002317D0 /* main.m in Sources */ = {isa = PBXBuildFile; fileRef = B6B54DD61B4E09FF002317D0 /* main.m */; };
		B6B54DDA1B4E09FF002317D0 /* AppDelegate.m in Sources */ = {isa = PBXBuildFile; fileRef = B6B54DD91B4E09FF002317D0 /* AppDelegate.m */; };
		B6B54DE21B4E09FF002317D0 /* Images.xcassets in Resources */ = {isa = PBXBuildFile; fileRef = B6B54DE11B4E09FF002317D0 /* Images.xcassets */; };
		B6B54DE51B4E09FF002317D0 /* LaunchScreen.xib in Resources */ = {isa = PBXBuildFile; fileRef = B6B54DE31B4E09FF002317D0 /* LaunchScreen.xib */; };
		B6B54DF11B4E09FF002317D0 /* SaveCellWhenOutScreenTests.m in Sources */ = {isa = PBXBuildFile; fileRef = B6B54DF01B4E09FF002317D0 /* SaveCellWhenOutScreenTests.m */; };
		B6B54E041B4E10C0002317D0 /* ViewController.m in Sources */ = {isa = PBXBuildFile; fileRef = B6B54E031B4E10C0002317D0 /* ViewController.m */; };
/* End PBXBuildFile section */

/* Begin PBXContainerItemProxy section */
		B6B54DEB1B4E09FF002317D0 /* PBXContainerItemProxy */ = {
			isa = PBXContainerItemProxy;
			containerPortal = B6B54DC91B4E09FE002317D0 /* Project object */;
			proxyType = 1;
			remoteGlobalIDString = B6B54DD01B4E09FF002317D0;
			remoteInfo = SaveCellWhenOutScreen;
		};
/* End PBXContainerItemProxy section */

/* Begin PBXFileReference section */
		B6B54DD11B4E09FF002317D0 /* SaveCellWhenOutScreen.app */ = {isa = PBXFileReference; explicitFileType = wrapper.application; includeInIndex = 0; path = SaveCellWhenOutScreen.app; sourceTree = BUILT_PRODUCTS_DIR; };
		B6B54DD51B4E09FF002317D0 /* Info.plist */ = {isa = PBXFileReference; lastKnownFileType = text.plist.xml; path = Info.plist; sourceTree = "<group>"; };
		B6B54DD61B4E09FF002317D0 /* main.m */ = {isa = PBXFileReference; lastKnownFileType = sourcecode.c.objc; path = main.m; sourceTree = "<group>"; };
		B6B54DD81B4E09FF002317D0 /* AppDelegate.h */ = {isa = PBXFileReference; lastKnownFileType = sourcecode.c.h; path = AppDelegate.h; sourceTree = "<group>"; };
		B6B54DD91B4E09FF002317D0 /* AppDelegate.m */ = {isa = PBXFileReference; lastKnownFileType = sourcecode.c.objc; path = AppDelegate.m; sourceTree = "<group>"; };
		B6B54DE11B4E09FF002317D0 /* Images.xcassets */ = {isa = PBXFileReference; lastKnownFileType = folder.assetcatalog; path = Images.xcassets; sourceTree = "<group>"; };
		B6B54DE41B4E09FF002317D0 /* Base */ = {isa = PBXFileReference; lastKnownFileType = file.xib; name = Base; path = Base.lproj/LaunchScreen.xib; sourceTree = "<group>"; };
		B6B54DEA1B4E09FF002317D0 /* SaveCellWhenOutScreenTests.xctest */ = {isa = PBXFileReference; explicitFileType = wrapper.cfbundle; includeInIndex = 0; path = SaveCellWhenOutScreenTests.xctest; sourceTree = BUILT_PRODUCTS_DIR; };
		B6B54DEF1B4E09FF002317D0 /* Info.plist */ = {isa = PBXFileReference; lastKnownFileType = text.plist.xml; path = Info.plist; sourceTree = "<group>"; };
		B6B54DF01B4E09FF002317D0 /* SaveCellWhenOutScreenTests.m */ = {isa = PBXFileReference; lastKnownFileType = sourcecode.c.objc; path = SaveCellWhenOutScreenTests.m; sourceTree = "<group>"; };
		B6B54E021B4E10C0002317D0 /* ViewController.h */ = {isa = PBXFileReference; fileEncoding = 4; lastKnownFileType = sourcecode.c.h; path = ViewController.h; sourceTree = "<group>"; };
		B6B54E031B4E10C0002317D0 /* ViewController.m */ = {isa = PBXFileReference; fileEncoding = 4; lastKnownFileType = sourcecode.c.objc; path = ViewController.m; sourceTree = "<group>"; };
/* End PBXFileReference section */

/* Begin PBXFrameworksBuildPhase section */
		B6B54DCE1B4E09FF002317D0 /* Frameworks */ = {
			isa = PBXFrameworksBuildPhase;
			buildActionMask = 2147483647;
			files = (
			);
			runOnlyForDeploymentPostprocessing = 0;
		};
		B6B54DE71B4E09FF002317D0 /* Frameworks */ = {
			isa = PBXFrameworksBuildPhase;
			buildActionMask = 2147483647;
			files = (
			);
			runOnlyForDeploymentPostprocessing = 0;
		};
/* End PBXFrameworksBuildPhase section */

/* Begin PBXGroup section */
		B6B54DC81B4E09FE002317D0 = {
			isa = PBXGroup;
			children = (
				B6B54DD31B4E09FF002317D0 /* SaveCellWhenOutScreen */,
				B6B54DED1B4E09FF002317D0 /* SaveCellWhenOutScreenTests */,
				B6B54DD21B4E09FF002317D0 /* Products */,
			);
			sourceTree = "<group>";
		};
		B6B54DD21B4E09FF002317D0 /* Products */ = {
			isa = PBXGroup;
			children = (
				B6B54DD11B4E09FF002317D0 /* SaveCellWhenOutScreen.app */,
				B6B54DEA1B4E09FF002317D0 /* SaveCellWhenOutScreenTests.xctest */,
			);
			name = Products;
			sourceTree = "<group>";
		};
		B6B54DD31B4E09FF002317D0 /* SaveCellWhenOutScreen */ = {
			isa = PBXGroup;
			children = (
				B6B54DD81B4E09FF002317D0 /* AppDelegate.h */,
				B6B54DD91B4E09FF002317D0 /* AppDelegate.m */,
				B6B54E021B4E10C0002317D0 /* ViewController.h */,
				B6B54E031B4E10C0002317D0 /* ViewController.m */,
				B6B54DE11B4E09FF002317D0 /* Images.xcassets */,
				B6B54DE31B4E09FF002317D0 /* LaunchScreen.xib */,
				B6B54DD41B4E09FF002317D0 /* Supporting Files */,
			);
			path = SaveCellWhenOutScreen;
			sourceTree = "<group>";
		};
		B6B54DD41B4E09FF002317D0 /* Supporting Files */ = {
			isa = PBXGroup;
			children = (
				B6B54DD51B4E09FF002317D0 /* Info.plist */,
				B6B54DD61B4E09FF002317D0 /* main.m */,
			);
			name = "Supporting Files";
			sourceTree = "<group>";
		};
		B6B54DED1B4E09FF002317D0 /* SaveCellWhenOutScreenTests */ = {
			isa = PBXGroup;
			children = (
				B6B54DF01B4E09FF002317D0 /* SaveCellWhenOutScreenTests.m */,
				B6B54DEE1B4E09FF002317D0 /* Supporting Files */,
			);
			path = SaveCellWhenOutScreenTests;
			sourceTree = "<group>";
		};
		B6B54DEE1B4E09FF002317D0 /* Supporting Files */ = {
			isa = PBXGroup;
			children = (
				B6B54DEF1B4E09FF002317D0 /* Info.plist */,
			);
			name = "Supporting Files";
			sourceTree = "<group>";
		};
/* End PBXGroup section */

/* Begin PBXNativeTarget section */
		B6B54DD01B4E09FF002317D0 /* SaveCellWhenOutScreen */ = {
			isa = PBXNativeTarget;
			buildConfigurationList = B6B54DF41B4E09FF002317D0 /* Build configuration list for PBXNativeTarget "SaveCellWhenOutScreen" */;
			buildPhases = (
				B6B54DCD1B4E09FF002317D0 /* Sources */,
				B6B54DCE1B4E09FF002317D0 /* Frameworks */,
				B6B54DCF1B4E09FF002317D0 /* Resources */,
			);
			buildRules = (
			);
			dependencies = (
			);
			name = SaveCellWhenOutScreen;
			productName = SaveCellWhenOutScreen;
			productReference = B6B54DD11B4E09FF002317D0 /* SaveCellWhenOutScreen.app */;
			productType = "com.apple.product-type.application";
		};
		B6B54DE91B4E09FF002317D0 /* SaveCellWhenOutScreenTests */ = {
			isa = PBXNativeTarget;
			buildConfigurationList = B6B54DF71B4E09FF002317D0 /* Build configuration list for PBXNativeTarget "SaveCellWhenOutScreenTests" */;
			buildPhases = (
				B6B54DE61B4E09FF002317D0 /* Sources */,
				B6B54DE71B4E09FF002317D0 /* Frameworks */,
				B6B54DE81B4E09FF002317D0 /* Resources */,
			);
			buildRules = (
			);
			dependencies = (
				B6B54DEC1B4E09FF002317D0 /* PBXTargetDependency */,
			);
			name = SaveCellWhenOutScreenTests;
			productName = SaveCellWhenOutScreenTests;
			productReference = B6B54DEA1B4E09FF002317D0 /* SaveCellWhenOutScreenTests.xctest */;
			productType = "com.apple.product-type.bundle.unit-test";
		};
/* End PBXNativeTarget section */

/* Begin PBXProject section */
		B6B54DC91B4E09FE002317D0 /* Project object */ = {
			isa = PBXProject;
			attributes = {
				LastUpgradeCheck = 0630;
				ORGANIZATIONNAME = castel;
				TargetAttributes = {
					B6B54DD01B4E09FF002317D0 = {
						CreatedOnToolsVersion = 6.3.2;
					};
					B6B54DE91B4E09FF002317D0 = {
						CreatedOnToolsVersion = 6.3.2;
						TestTargetID = B6B54DD01B4E09FF002317D0;
					};
				};
			};
			buildConfigurationList = B6B54DCC1B4E09FE002317D0 /* Build configuration list for PBXProject "SaveCellWhenOutScreen" */;
			compatibilityVersion = "Xcode 3.2";
			developmentRegion = English;
			hasScannedForEncodings = 0;
			knownRegions = (
				en,
				Base,
			);
			mainGroup = B6B54DC81B4E09FE002317D0;
			productRefGroup = B6B54DD21B4E09FF002317D0 /* Products */;
			projectDirPath = "";
			projectRoot = "";
			targets = (
				B6B54DD01B4E09FF002317D0 /* SaveCellWhenOutScreen */,
				B6B54DE91B4E09FF002317D0 /* SaveCellWhenOutScreenTests */,
			);
		};
/* End PBXProject section */

/* Begin PBXResourcesBuildPhase section */
		B6B54DCF1B4E09FF002317D0 /* Resources */ = {
			isa = PBXResourcesBuildPhase;
			buildActionMask = 2147483647;
			files = (
				B6B54DE51B4E09FF002317D0 /* LaunchScreen.xib in Resources */,
				B6B54DE21B4E09FF002317D0 /* Images.xcassets in Resources */,
			);
			runOnlyForDeploymentPostprocessing = 0;
		};
		B6B54DE81B4E09FF002317D0 /* Resources */ = {
			isa = PBXResourcesBuildPhase;
			buildActionMask = 2147483647;
			files = (
			);
			runOnlyForDeploymentPostprocessing = 0;
		};
/* End PBXResourcesBuildPhase section */

/* Begin PBXSourcesBuildPhase section */
		B6B54DCD1B4E09FF002317D0 /* Sources */ = {
			isa = PBXSourcesBuildPhase;
			buildActionMask = 2147483647;
			files = (
				B6B54DDA1B4E09FF002317D0 /* AppDelegate.m in Sources */,
				B6B54DD71B4E09FF002317D0 /* main.m in Sources */,
				B6B54E041B4E10C0002317D0 /* ViewController.m in Sources */,
			);
			runOnlyForDeploymentPostprocessing = 0;
		};
		B6B54DE61B4E09FF002317D0 /* Sources */ = {
			isa = PBXSourcesBuildPhase;
			buildActionMask = 2147483647;
			files = (
				B6B54DF11B4E09FF002317D0 /* SaveCellWhenOutScreenTests.m in Sources */,
			);
			runOnlyForDeploymentPostprocessing = 0;
		};
/* End PBXSourcesBuildPhase section */

/* Begin PBXTargetDependency section */
		B6B54DEC1B4E09FF002317D0 /* PBXTargetDependency */ = {
			isa = PBXTargetDependency;
			target = B6B54DD01B4E09FF002317D0 /* SaveCellWhenOutScreen */;
			targetProxy = B6B54DEB1B4E09FF002317D0 /* PBXContainerItemProxy */;
		};
/* End PBXTargetDependency section */

/* Begin PBXVariantGroup section */
		B6B54DE31B4E09FF002317D0 /* LaunchScreen.xib */ = {
			isa = PBXVariantGroup;
			children = (
				B6B54DE41B4E09FF002317D0 /* Base */,
			);
			name = LaunchScreen.xib;
			sourceTree = "<group>";
		};
/* End PBXVariantGroup section */

/* Begin XCBuildConfiguration section */
		B6B54DF21B4E09FF002317D0 /* Debug */ = {
			isa = XCBuildConfiguration;
			buildSettings = {
				ALWAYS_SEARCH_USER_PATHS = NO;
				CLANG_CXX_LANGUAGE_STANDARD = "gnu++0x";
				CLANG_CXX_LIBRARY = "libc++";
				CLANG_ENABLE_MODULES = YES;
				CLANG_ENABLE_OBJC_ARC = YES;
				CLANG_WARN_BOOL_CONVERSION = YES;
				CLANG_WARN_CONSTANT_CONVERSION = YES;
				CLANG_WARN_DIRECT_OBJC_ISA_USAGE = YES_ERROR;
				CLANG_WARN_EMPTY_BODY = YES;
				CLANG_WARN_ENUM_CONVERSION = YES;
				CLANG_WARN_INT_CONVERSION = YES;
				CLANG_WARN_OBJC_ROOT_CLASS = YES_ERROR;
				CLANG_WARN_UNREACHABLE_CODE = YES;
				CLANG_WARN__DUPLICATE_METHOD_MATCH = YES;
				"CODE_SIGN_IDENTITY[sdk=iphoneos*]" = "iPhone Developer";
				COPY_PHASE_STRIP = NO;
				DEBUG_INFORMATION_FORMAT = "dwarf-with-dsym";
				ENABLE_STRICT_OBJC_MSGSEND = YES;
				GCC_C_LANGUAGE_STANDARD = gnu99;
				GCC_DYNAMIC_NO_PIC = NO;
				GCC_NO_COMMON_BLOCKS = YES;
				GCC_OPTIMIZATION_LEVEL = 0;
				GCC_PREPROCESSOR_DEFINITIONS = (
					"DEBUG=1",
					"$(inherited)",
				);
				GCC_SYMBOLS_PRIVATE_EXTERN = NO;
				GCC_WARN_64_TO_32_BIT_CONVERSION = YES;
				GCC_WARN_ABOUT_RETURN_TYPE = YES_ERROR;
				GCC_WARN_UNDECLARED_SELECTOR = YES;
				GCC_WARN_UNINITIALIZED_AUTOS = YES_AGGRESSIVE;
				GCC_WARN_UNUSED_FUNCTION = YES;
				GCC_WARN_UNUSED_VARIABLE = YES;
				IPHONEOS_DEPLOYMENT_TARGET = 8.3;
				MTL_ENABLE_DEBUG_INFO = YES;
				ONLY_ACTIVE_ARCH = YES;
				SDKROOT = iphoneos;
			};
			name = Debug;
		};
		B6B54DF31B4E09FF002317D0 /* Release */ = {
			isa = XCBuildConfiguration;
			buildSettings = {
				ALWAYS_SEARCH_USER_PATHS = NO;
				CLANG_CXX_LANGUAGE_STANDARD = "gnu++0x";
				CLANG_CXX_LIBRARY = "libc++";
				CLANG_ENABLE_MODULES = YES;
				CLANG_ENABLE_OBJC_ARC = YES;
				CLANG_WARN_BOOL_CONVERSION = YES;
				CLANG_WARN_CONSTANT_CONVERSION = YES;
				CLANG_WARN_DIRECT_OBJC_ISA_USAGE = YES_ERROR;
				CLANG_WARN_EMPTY_BODY = YES;
				CLANG_WARN_ENUM_CONVERSION = YES;
				CLANG_WARN_INT_CONVERSION = YES;
				CLANG_WARN_OBJC_ROOT_CLASS = YES_ERROR;
				CLANG_WARN_UNREACHABLE_CODE = YES;
				CLANG_WARN__DUPLICATE_METHOD_MATCH = YES;
				"CODE_SIGN_IDENTITY[sdk=iphoneos*]" = "iPhone Developer";
				COPY_PHASE_STRIP = NO;
				DEBUG_INFORMATION_FORMAT = "dwarf-with-dsym";
				ENABLE_NS_ASSERTIONS = NO;
				ENABLE_STRICT_OBJC_MSGSEND = YES;
				GCC_C_LANGUAGE_STANDARD = gnu99;
				GCC_NO_COMMON_BLOCKS = YES;
				GCC_WARN_64_TO_32_BIT_CONVERSION = YES;
				GCC_WARN_ABOUT_RETURN_TYPE = YES_ERROR;
				GCC_WARN_UNDECLARED_SELECTOR = YES;
				GCC_WARN_UNINITIALIZED_AUTOS = YES_AGGRESSIVE;
				GCC_WARN_UNUSED_FUNCTION = YES;
				GCC_WARN_UNUSED_VARIABLE = YES;
				IPHONEOS_DEPLOYMENT_TARGET = 8.3;
				MTL_ENABLE_DEBUG_INFO = NO;
				SDKROOT = iphoneos;
				VALIDATE_PRODUCT = YES;
			};
			name = Release;
		};
		B6B54DF51B4E09FF002317D0 /* Debug */ = {
			isa = XCBuildConfiguration;
			buildSettings = {
				ASSETCATALOG_COMPILER_APPICON_NAME = AppIcon;
				INFOPLIST_FILE = SaveCellWhenOutScreen/Info.plist;
				LD_RUNPATH_SEARCH_PATHS = "$(inherited) @executable_path/Frameworks";
				PRODUCT_NAME = "$(TARGET_NAME)";
			};
			name = Debug;
		};
		B6B54DF61B4E09FF002317D0 /* Release */ = {
			isa = XCBuildConfiguration;
			buildSettings = {
				ASSETCATALOG_COMPILER_APPICON_NAME = AppIcon;
				INFOPLIST_FILE = SaveCellWhenOutScreen/Info.plist;
				LD_RUNPATH_SEARCH_PATHS = "$(inherited) @executable_path/Frameworks";
				PRODUCT_NAME = "$(TARGET_NAME)";
			};
			name = Release;
		};
		B6B54DF81B4E09FF002317D0 /* Debug */ = {
			isa = XCBuildConfiguration;
			buildSettings = {
				BUNDLE_LOADER = "$(TEST_HOST)";
				FRAMEWORK_SEARCH_PATHS = (
					"$(SDKROOT)/Developer/Library/Frameworks",
					"$(inherited)",
				);
				GCC_PREPROCESSOR_DEFINITIONS = (
					"DEBUG=1",
					"$(inherited)",
				);
				INFOPLIST_FILE = SaveCellWhenOutScreenTests/Info.plist;
				LD_RUNPATH_SEARCH_PATHS = "$(inherited) @executable_path/Frameworks @loader_path/Frameworks";
				PRODUCT_NAME = "$(TARGET_NAME)";
				TEST_HOST = "$(BUILT_PRODUCTS_DIR)/SaveCellWhenOutScreen.app/SaveCellWhenOutScreen";
			};
			name = Debug;
		};
		B6B54DF91B4E09FF002317D0 /* Release */ = {
			isa = XCBuildConfiguration;
			buildSettings = {
				BUNDLE_LOADER = "$(TEST_HOST)";
				FRAMEWORK_SEARCH_PATHS = (
					"$(SDKROOT)/Developer/Library/Frameworks",
					"$(inherited)",
				);
				INFOPLIST_FILE = SaveCellWhenOutScreenTests/Info.plist;
				LD_RUNPATH_SEARCH_PATHS = "$(inherited) @executable_path/Frameworks @loader_path/Frameworks";
				PRODUCT_NAME = "$(TARGET_NAME)";
				TEST_HOST = "$(BUILT_PRODUCTS_DIR)/SaveCellWhenOutScreen.app/SaveCellWhenOutScreen";
			};
			name = Release;
		};
/* End XCBuildConfiguration section */

/* Begin XCConfigurationList section */
		B6B54DCC1B4E09FE002317D0 /* Build configuration list for PBXProject "SaveCellWhenOutScreen" */ = {
			isa = XCConfigurationList;
			buildConfigurations = (
				B6B54DF21B4E09FF002317D0 /* Debug */,
				B6B54DF31B4E09FF002317D0 /* Release */,
			);
			defaultConfigurationIsVisible = 0;
			defaultConfigurationName = Release;
		};
		B6B54DF41B4E09FF002317D0 /* Build configuration list for PBXNativeTarget "SaveCellWhenOutScreen" */ = {
			isa = XCConfigurationList;
			buildConfigurations = (
				B6B54DF51B4E09FF002317D0 /* Debug */,
				B6B54DF61B4E09FF002317D0 /* Release */,
			);
			defaultConfigurationIsVisible = 0;
		};
		B6B54DF71B4E09FF002317D0 /* Build configuration list for PBXNativeTarget "SaveCellWhenOutScreenTests" */ = {
			isa = XCConfigurationList;
			buildConfigurations = (
				B6B54DF81B4E09FF002317D0 /* Debug */,
				B6B54DF91B4E09FF002317D0 /* Release */,
			);
			defaultConfigurationIsVisible = 0;
		};
/* End XCConfigurationList section */
	};
	rootObject = B6B54DC91B4E09FE002317D0 /* Project object */;
}
