// !$*UTF8*$!
{
	archiveVersion = 1;
	classes = {
	};
	objectVersion = 46;
	objects = {

/* Begin PBXBuildFile section */
		B6CAFA981B4CACCC00994EE3 /* main.m in Sources */ = {isa = PBXBuildFile; fileRef = B6CAFA971B4CACCC00994EE3 /* main.m */; };
		B6CAFA9B1B4CACCC00994EE3 /* AppDelegate.m in Sources */ = {isa = PBXBuildFile; fileRef = B6CAFA9A1B4CACCC00994EE3 /* AppDelegate.m */; };
		B6CAFA9E1B4CACCC00994EE3 /* ViewController.m in Sources */ = {isa = PBXBuildFile; fileRef = B6CAFA9D1B4CACCC00994EE3 /* ViewController.m */; };
		B6CAFAA31B4CACCC00994EE3 /* Images.xcassets in Resources */ = {isa = PBXBuildFile; fileRef = B6CAFAA21B4CACCC00994EE3 /* Images.xcassets */; };
		B6CAFAA61B4CACCC00994EE3 /* LaunchScreen.xib in Resources */ = {isa = PBXBuildFile; fileRef = B6CAFAA41B4CACCC00994EE3 /* LaunchScreen.xib */; };
		B6CAFAB21B4CACCC00994EE3 /* infoDemoTests.m in Sources */ = {isa = PBXBuildFile; fileRef = B6CAFAB11B4CACCC00994EE3 /* infoDemoTests.m */; };
		B6CAFABE1B4CADD000994EE3 /* TableViewCell.m in Sources */ = {isa = PBXBuildFile; fileRef = B6CAFABC1B4CADD000994EE3 /* TableViewCell.m */; };
		B6CAFABF1B4CADD000994EE3 /* TableViewCell.xib in Resources */ = {isa = PBXBuildFile; fileRef = B6CAFABD1B4CADD000994EE3 /* TableViewCell.xib */; };
/* End PBXBuildFile section */

/* Begin PBXContainerItemProxy section */
		B6CAFAAC1B4CACCC00994EE3 /* PBXContainerItemProxy */ = {
			isa = PBXContainerItemProxy;
			containerPortal = B6CAFA8A1B4CACCC00994EE3 /* Project object */;
			proxyType = 1;
			remoteGlobalIDString = B6CAFA911B4CACCC00994EE3;
			remoteInfo = infoDemo;
		};
/* End PBXContainerItemProxy section */

/* Begin PBXFileReference section */
		B6CAFA921B4CACCC00994EE3 /* infoDemo.app */ = {isa = PBXFileReference; explicitFileType = wrapper.application; includeInIndex = 0; path = infoDemo.app; sourceTree = BUILT_PRODUCTS_DIR; };
		B6CAFA961B4CACCC00994EE3 /* Info.plist */ = {isa = PBXFileReference; lastKnownFileType = text.plist.xml; path = Info.plist; sourceTree = "<group>"; };
		B6CAFA971B4CACCC00994EE3 /* main.m */ = {isa = PBXFileReference; lastKnownFileType = sourcecode.c.objc; path = main.m; sourceTree = "<group>"; };
		B6CAFA991B4CACCC00994EE3 /* AppDelegate.h */ = {isa = PBXFileReference; lastKnownFileType = sourcecode.c.h; path = AppDelegate.h; sourceTree = "<group>"; };
		B6CAFA9A1B4CACCC00994EE3 /* AppDelegate.m */ = {isa = PBXFileReference; lastKnownFileType = sourcecode.c.objc; path = AppDelegate.m; sourceTree = "<group>"; };
		B6CAFA9C1B4CACCC00994EE3 /* ViewController.h */ = {isa = PBXFileReference; lastKnownFileType = sourcecode.c.h; path = ViewController.h; sourceTree = "<group>"; };
		B6CAFA9D1B4CACCC00994EE3 /* ViewController.m */ = {isa = PBXFileReference; lastKnownFileType = sourcecode.c.objc; path = ViewController.m; sourceTree = "<group>"; };
		B6CAFAA21B4CACCC00994EE3 /* Images.xcassets */ = {isa = PBXFileReference; lastKnownFileType = folder.assetcatalog; path = Images.xcassets; sourceTree = "<group>"; };
		B6CAFAA51B4CACCC00994EE3 /* Base */ = {isa = PBXFileReference; lastKnownFileType = file.xib; name = Base; path = Base.lproj/LaunchScreen.xib; sourceTree = "<group>"; };
		B6CAFAAB1B4CACCC00994EE3 /* infoDemoTests.xctest */ = {isa = PBXFileReference; explicitFileType = wrapper.cfbundle; includeInIndex = 0; path = infoDemoTests.xctest; sourceTree = BUILT_PRODUCTS_DIR; };
		B6CAFAB01B4CACCC00994EE3 /* Info.plist */ = {isa = PBXFileReference; lastKnownFileType = text.plist.xml; path = Info.plist; sourceTree = "<group>"; };
		B6CAFAB11B4CACCC00994EE3 /* infoDemoTests.m */ = {isa = PBXFileReference; lastKnownFileType = sourcecode.c.objc; path = infoDemoTests.m; sourceTree = "<group>"; };
		B6CAFABB1B4CADD000994EE3 /* TableViewCell.h */ = {isa = PBXFileReference; fileEncoding = 4; lastKnownFileType = sourcecode.c.h; path = TableViewCell.h; sourceTree = "<group>"; };
		B6CAFABC1B4CADD000994EE3 /* TableViewCell.m */ = {isa = PBXFileReference; fileEncoding = 4; lastKnownFileType = sourcecode.c.objc; path = TableViewCell.m; sourceTree = "<group>"; };
		B6CAFABD1B4CADD000994EE3 /* TableViewCell.xib */ = {isa = PBXFileReference; fileEncoding = 4; lastKnownFileType = file.xib; path = TableViewCell.xib; sourceTree = "<group>"; };
/* End PBXFileReference section */

/* Begin PBXFrameworksBuildPhase section */
		B6CAFA8F1B4CACCC00994EE3 /* Frameworks */ = {
			isa = PBXFrameworksBuildPhase;
			buildActionMask = 2147483647;
			files = (
			);
			runOnlyForDeploymentPostprocessing = 0;
		};
		B6CAFAA81B4CACCC00994EE3 /* Frameworks */ = {
			isa = PBXFrameworksBuildPhase;
			buildActionMask = 2147483647;
			files = (
			);
			runOnlyForDeploymentPostprocessing = 0;
		};
/* End PBXFrameworksBuildPhase section */

/* Begin PBXGroup section */
		B6CAFA891B4CACCC00994EE3 = {
			isa = PBXGroup;
			children = (
				B6CAFA941B4CACCC00994EE3 /* infoDemo */,
				B6CAFAAE1B4CACCC00994EE3 /* infoDemoTests */,
				B6CAFA931B4CACCC00994EE3 /* Products */,
			);
			sourceTree = "<group>";
		};
		B6CAFA931B4CACCC00994EE3 /* Products */ = {
			isa = PBXGroup;
			children = (
				B6CAFA921B4CACCC00994EE3 /* infoDemo.app */,
				B6CAFAAB1B4CACCC00994EE3 /* infoDemoTests.xctest */,
			);
			name = Products;
			sourceTree = "<group>";
		};
		B6CAFA941B4CACCC00994EE3 /* infoDemo */ = {
			isa = PBXGroup;
			children = (
				B6CAFA991B4CACCC00994EE3 /* AppDelegate.h */,
				B6CAFA9A1B4CACCC00994EE3 /* AppDelegate.m */,
				B6CAFA9C1B4CACCC00994EE3 /* ViewController.h */,
				B6CAFA9D1B4CACCC00994EE3 /* ViewController.m */,
				B6CAFABB1B4CADD000994EE3 /* TableViewCell.h */,
				B6CAFABC1B4CADD000994EE3 /* TableViewCell.m */,
				B6CAFABD1B4CADD000994EE3 /* TableViewCell.xib */,
				B6CAFAA21B4CACCC00994EE3 /* Images.xcassets */,
				B6CAFAA41B4CACCC00994EE3 /* LaunchScreen.xib */,
				B6CAFA951B4CACCC00994EE3 /* Supporting Files */,
			);
			path = infoDemo;
			sourceTree = "<group>";
		};
		B6CAFA951B4CACCC00994EE3 /* Supporting Files */ = {
			isa = PBXGroup;
			children = (
				B6CAFA961B4CACCC00994EE3 /* Info.plist */,
				B6CAFA971B4CACCC00994EE3 /* main.m */,
			);
			name = "Supporting Files";
			sourceTree = "<group>";
		};
		B6CAFAAE1B4CACCC00994EE3 /* infoDemoTests */ = {
			isa = PBXGroup;
			children = (
				B6CAFAB11B4CACCC00994EE3 /* infoDemoTests.m */,
				B6CAFAAF1B4CACCC00994EE3 /* Supporting Files */,
			);
			path = infoDemoTests;
			sourceTree = "<group>";
		};
		B6CAFAAF1B4CACCC00994EE3 /* Supporting Files */ = {
			isa = PBXGroup;
			children = (
				B6CAFAB01B4CACCC00994EE3 /* Info.plist */,
			);
			name = "Supporting Files";
			sourceTree = "<group>";
		};
/* End PBXGroup section */

/* Begin PBXNativeTarget section */
		B6CAFA911B4CACCC00994EE3 /* infoDemo */ = {
			isa = PBXNativeTarget;
			buildConfigurationList = B6CAFAB51B4CACCC00994EE3 /* Build configuration list for PBXNativeTarget "infoDemo" */;
			buildPhases = (
				B6CAFA8E1B4CACCC00994EE3 /* Sources */,
				B6CAFA8F1B4CACCC00994EE3 /* Frameworks */,
				B6CAFA901B4CACCC00994EE3 /* Resources */,
			);
			buildRules = (
			);
			dependencies = (
			);
			name = infoDemo;
			productName = infoDemo;
			productReference = B6CAFA921B4CACCC00994EE3 /* infoDemo.app */;
			productType = "com.apple.product-type.application";
		};
		B6CAFAAA1B4CACCC00994EE3 /* infoDemoTests */ = {
			isa = PBXNativeTarget;
			buildConfigurationList = B6CAFAB81B4CACCC00994EE3 /* Build configuration list for PBXNativeTarget "infoDemoTests" */;
			buildPhases = (
				B6CAFAA71B4CACCC00994EE3 /* Sources */,
				B6CAFAA81B4CACCC00994EE3 /* Frameworks */,
				B6CAFAA91B4CACCC00994EE3 /* Resources */,
			);
			buildRules = (
			);
			dependencies = (
				B6CAFAAD1B4CACCC00994EE3 /* PBXTargetDependency */,
			);
			name = infoDemoTests;
			productName = infoDemoTests;
			productReference = B6CAFAAB1B4CACCC00994EE3 /* infoDemoTests.xctest */;
			productType = "com.apple.product-type.bundle.unit-test";
		};
/* End PBXNativeTarget section */

/* Begin PBXProject section */
		B6CAFA8A1B4CACCC00994EE3 /* Project object */ = {
			isa = PBXProject;
			attributes = {
				LastUpgradeCheck = 0630;
				ORGANIZATIONNAME = castel;
				TargetAttributes = {
					B6CAFA911B4CACCC00994EE3 = {
						CreatedOnToolsVersion = 6.3.2;
					};
					B6CAFAAA1B4CACCC00994EE3 = {
						CreatedOnToolsVersion = 6.3.2;
						TestTargetID = B6CAFA911B4CACCC00994EE3;
					};
				};
			};
			buildConfigurationList = B6CAFA8D1B4CACCC00994EE3 /* Build configuration list for PBXProject "infoDemo" */;
			compatibilityVersion = "Xcode 3.2";
			developmentRegion = English;
			hasScannedForEncodings = 0;
			knownRegions = (
				en,
				Base,
			);
			mainGroup = B6CAFA891B4CACCC00994EE3;
			productRefGroup = B6CAFA931B4CACCC00994EE3 /* Products */;
			projectDirPath = "";
			projectRoot = "";
			targets = (
				B6CAFA911B4CACCC00994EE3 /* infoDemo */,
				B6CAFAAA1B4CACCC00994EE3 /* infoDemoTests */,
			);
		};
/* End PBXProject section */

/* Begin PBXResourcesBuildPhase section */
		B6CAFA901B4CACCC00994EE3 /* Resources */ = {
			isa = PBXResourcesBuildPhase;
			buildActionMask = 2147483647;
			files = (
				B6CAFAA61B4CACCC00994EE3 /* LaunchScreen.xib in Resources */,
				B6CAFABF1B4CADD000994EE3 /* TableViewCell.xib in Resources */,
				B6CAFAA31B4CACCC00994EE3 /* Images.xcassets in Resources */,
			);
			runOnlyForDeploymentPostprocessing = 0;
		};
		B6CAFAA91B4CACCC00994EE3 /* Resources */ = {
			isa = PBXResourcesBuildPhase;
			buildActionMask = 2147483647;
			files = (
			);
			runOnlyForDeploymentPostprocessing = 0;
		};
/* End PBXResourcesBuildPhase section */

/* Begin PBXSourcesBuildPhase section */
		B6CAFA8E1B4CACCC00994EE3 /* Sources */ = {
			isa = PBXSourcesBuildPhase;
			buildActionMask = 2147483647;
			files = (
				B6CAFA9E1B4CACCC00994EE3 /* ViewController.m in Sources */,
				B6CAFABE1B4CADD000994EE3 /* TableViewCell.m in Sources */,
				B6CAFA9B1B4CACCC00994EE3 /* AppDelegate.m in Sources */,
				B6CAFA981B4CACCC00994EE3 /* main.m in Sources */,
			);
			runOnlyForDeploymentPostprocessing = 0;
		};
		B6CAFAA71B4CACCC00994EE3 /* Sources */ = {
			isa = PBXSourcesBuildPhase;
			buildActionMask = 2147483647;
			files = (
				B6CAFAB21B4CACCC00994EE3 /* infoDemoTests.m in Sources */,
			);
			runOnlyForDeploymentPostprocessing = 0;
		};
/* End PBXSourcesBuildPhase section */

/* Begin PBXTargetDependency section */
		B6CAFAAD1B4CACCC00994EE3 /* PBXTargetDependency */ = {
			isa = PBXTargetDependency;
			target = B6CAFA911B4CACCC00994EE3 /* infoDemo */;
			targetProxy = B6CAFAAC1B4CACCC00994EE3 /* PBXContainerItemProxy */;
		};
/* End PBXTargetDependency section */

/* Begin PBXVariantGroup section */
		B6CAFAA41B4CACCC00994EE3 /* LaunchScreen.xib */ = {
			isa = PBXVariantGroup;
			children = (
				B6CAFAA51B4CACCC00994EE3 /* Base */,
			);
			name = LaunchScreen.xib;
			sourceTree = "<group>";
		};
/* End PBXVariantGroup section */

/* Begin XCBuildConfiguration section */
		B6CAFAB31B4CACCC00994EE3 /* Debug */ = {
			isa = XCBuildConfiguration;
			buildSettings = {
				ALWAYS_SEARCH_USER_PATHS = NO;
				CLANG_CXX_LANGUAGE_STANDARD = "gnu++0x";
				CLANG_CXX_LIBRARY = "libc++";
				CLANG_ENABLE_MODULES = YES;
				CLANG_ENABLE_OBJC_ARC = YES;
				CLANG_WARN_BOOL_CONVERSION = YES;
				CLANG_WARN_CONSTANT_CONVERSION = YES;
				CLANG_WARN_DIRECT_OBJC_ISA_USAGE = YES_ERROR;
				CLANG_WARN_EMPTY_BODY = YES;
				CLANG_WARN_ENUM_CONVERSION = YES;
				CLANG_WARN_INT_CONVERSION = YES;
				CLANG_WARN_OBJC_ROOT_CLASS = YES_ERROR;
				CLANG_WARN_UNREACHABLE_CODE = YES;
				CLANG_WARN__DUPLICATE_METHOD_MATCH = YES;
				"CODE_SIGN_IDENTITY[sdk=iphoneos*]" = "iPhone Developer";
				COPY_PHASE_STRIP = NO;
				DEBUG_INFORMATION_FORMAT = "dwarf-with-dsym";
				ENABLE_STRICT_OBJC_MSGSEND = YES;
				GCC_C_LANGUAGE_STANDARD = gnu99;
				GCC_DYNAMIC_NO_PIC = NO;
				GCC_NO_COMMON_BLOCKS = YES;
				GCC_OPTIMIZATION_LEVEL = 0;
				GCC_PREPROCESSOR_DEFINITIONS = (
					"DEBUG=1",
					"$(inherited)",
				);
				GCC_SYMBOLS_PRIVATE_EXTERN = NO;
				GCC_WARN_64_TO_32_BIT_CONVERSION = YES;
				GCC_WARN_ABOUT_RETURN_TYPE = YES_ERROR;
				GCC_WARN_UNDECLARED_SELECTOR = YES;
				GCC_WARN_UNINITIALIZED_AUTOS = YES_AGGRESSIVE;
				GCC_WARN_UNUSED_FUNCTION = YES;
				GCC_WARN_UNUSED_VARIABLE = YES;
				IPHONEOS_DEPLOYMENT_TARGET = 8.3;
				MTL_ENABLE_DEBUG_INFO = YES;
				ONLY_ACTIVE_ARCH = YES;
				SDKROOT = iphoneos;
			};
			name = Debug;
		};
		B6CAFAB41B4CACCC00994EE3 /* Release */ = {
			isa = XCBuildConfiguration;
			buildSettings = {
				ALWAYS_SEARCH_USER_PATHS = NO;
				CLANG_CXX_LANGUAGE_STANDARD = "gnu++0x";
				CLANG_CXX_LIBRARY = "libc++";
				CLANG_ENABLE_MODULES = YES;
				CLANG_ENABLE_OBJC_ARC = YES;
				CLANG_WARN_BOOL_CONVERSION = YES;
				CLANG_WARN_CONSTANT_CONVERSION = YES;
				CLANG_WARN_DIRECT_OBJC_ISA_USAGE = YES_ERROR;
				CLANG_WARN_EMPTY_BODY = YES;
				CLANG_WARN_ENUM_CONVERSION = YES;
				CLANG_WARN_INT_CONVERSION = YES;
				CLANG_WARN_OBJC_ROOT_CLASS = YES_ERROR;
				CLANG_WARN_UNREACHABLE_CODE = YES;
				CLANG_WARN__DUPLICATE_METHOD_MATCH = YES;
				"CODE_SIGN_IDENTITY[sdk=iphoneos*]" = "iPhone Developer";
				COPY_PHASE_STRIP = NO;
				DEBUG_INFORMATION_FORMAT = "dwarf-with-dsym";
				ENABLE_NS_ASSERTIONS = NO;
				ENABLE_STRICT_OBJC_MSGSEND = YES;
				GCC_C_LANGUAGE_STANDARD = gnu99;
				GCC_NO_COMMON_BLOCKS = YES;
				GCC_WARN_64_TO_32_BIT_CONVERSION = YES;
				GCC_WARN_ABOUT_RETURN_TYPE = YES_ERROR;
				GCC_WARN_UNDECLARED_SELECTOR = YES;
				GCC_WARN_UNINITIALIZED_AUTOS = YES_AGGRESSIVE;
				GCC_WARN_UNUSED_FUNCTION = YES;
				GCC_WARN_UNUSED_VARIABLE = YES;
				IPHONEOS_DEPLOYMENT_TARGET = 8.3;
				MTL_ENABLE_DEBUG_INFO = NO;
				SDKROOT = iphoneos;
				VALIDATE_PRODUCT = YES;
			};
			name = Release;
		};
		B6CAFAB61B4CACCC00994EE3 /* Debug */ = {
			isa = XCBuildConfiguration;
			buildSettings = {
				ASSETCATALOG_COMPILER_APPICON_NAME = AppIcon;
				INFOPLIST_FILE = infoDemo/Info.plist;
				LD_RUNPATH_SEARCH_PATHS = "$(inherited) @executable_path/Frameworks";
				PRODUCT_NAME = "$(TARGET_NAME)";
			};
			name = Debug;
		};
		B6CAFAB71B4CACCC00994EE3 /* Release */ = {
			isa = XCBuildConfiguration;
			buildSettings = {
				ASSETCATALOG_COMPILER_APPICON_NAME = AppIcon;
				INFOPLIST_FILE = infoDemo/Info.plist;
				LD_RUNPATH_SEARCH_PATHS = "$(inherited) @executable_path/Frameworks";
				PRODUCT_NAME = "$(TARGET_NAME)";
			};
			name = Release;
		};
		B6CAFAB91B4CACCC00994EE3 /* Debug */ = {
			isa = XCBuildConfiguration;
			buildSettings = {
				BUNDLE_LOADER = "$(TEST_HOST)";
				FRAMEWORK_SEARCH_PATHS = (
					"$(SDKROOT)/Developer/Library/Frameworks",
					"$(inherited)",
				);
				GCC_PREPROCESSOR_DEFINITIONS = (
					"DEBUG=1",
					"$(inherited)",
				);
				INFOPLIST_FILE = infoDemoTests/Info.plist;
				LD_RUNPATH_SEARCH_PATHS = "$(inherited) @executable_path/Frameworks @loader_path/Frameworks";
				PRODUCT_NAME = "$(TARGET_NAME)";
				TEST_HOST = "$(BUILT_PRODUCTS_DIR)/infoDemo.app/infoDemo";
			};
			name = Debug;
		};
		B6CAFABA1B4CACCC00994EE3 /* Release */ = {
			isa = XCBuildConfiguration;
			buildSettings = {
				BUNDLE_LOADER = "$(TEST_HOST)";
				FRAMEWORK_SEARCH_PATHS = (
					"$(SDKROOT)/Developer/Library/Frameworks",
					"$(inherited)",
				);
				INFOPLIST_FILE = infoDemoTests/Info.plist;
				LD_RUNPATH_SEARCH_PATHS = "$(inherited) @executable_path/Frameworks @loader_path/Frameworks";
				PRODUCT_NAME = "$(TARGET_NAME)";
				TEST_HOST = "$(BUILT_PRODUCTS_DIR)/infoDemo.app/infoDemo";
			};
			name = Release;
		};
/* End XCBuildConfiguration section */

/* Begin XCConfigurationList section */
		B6CAFA8D1B4CACCC00994EE3 /* Build configuration list for PBXProject "infoDemo" */ = {
			isa = XCConfigurationList;
			buildConfigurations = (
				B6CAFAB31B4CACCC00994EE3 /* Debug */,
				B6CAFAB41B4CACCC00994EE3 /* Release */,
			);
			defaultConfigurationIsVisible = 0;
			defaultConfigurationName = Release;
		};
		B6CAFAB51B4CACCC00994EE3 /* Build configuration list for PBXNativeTarget "infoDemo" */ = {
			isa = XCConfigurationList;
			buildConfigurations = (
				B6CAFAB61B4CACCC00994EE3 /* Debug */,
				B6CAFAB71B4CACCC00994EE3 /* Release */,
			);
			defaultConfigurationIsVisible = 0;
		};
		B6CAFAB81B4CACCC00994EE3 /* Build configuration list for PBXNativeTarget "infoDemoTests" */ = {
			isa = XCConfigurationList;
			buildConfigurations = (
				B6CAFAB91B4CACCC00994EE3 /* Debug */,
				B6CAFABA1B4CACCC00994EE3 /* Release */,
			);
			defaultConfigurationIsVisible = 0;
		};
/* End XCConfigurationList section */
	};
	rootObject = B6CAFA8A1B4CACCC00994EE3 /* Project object */;
}
